
Microsoft Visual Studio Solution File, Format Version 12.00
# Visual Studio Version 16
VisualStudioVersion = 16.0.31729.503
MinimumVisualStudioVersion = 10.0.40219.1
Project("{FAE04EC0-301F-11D3-BF4B-00C04F79EFBC}") = "DataStructureUsingLinkedList", "DataStructureUsingLinkedList\DataStructureUsingLinkedList.csproj", "{ADF85A08-3621-42E9-8307-A71769FEECAD}"
EndProject
Global
	GlobalSection(SolutionConfigurationPlatforms) = preSolution
		Debug|Any CPU = Debug|Any CPU
		Release|Any CPU = Release|Any CPU
	EndGlobalSection
	GlobalSection(ProjectConfigurationPlatforms) = postSolution
		{ADF85A08-3621-42E9-8307-A71769FEECAD}.Debug|Any CPU.ActiveCfg = Debug|Any CPU
		{ADF85A08-3621-42E9-8307-A71769FEECAD}.Debug|Any CPU.Build.0 = Debug|Any CPU
		{ADF85A08-3621-42E9-8307-A71769FEECAD}.Release|Any CPU.ActiveCfg = Release|Any CPU
		{ADF85A08-3621-42E9-8307-A71769FEECAD}.Release|Any CPU.Build.0 = Release|Any CPU
	EndGlobalSection
	GlobalSection(SolutionProperties) = preSolution
		HideSolutionNode = FALSE
	EndGlobalSection
	GlobalSection(ExtensibilityGlobals) = postSolution
		SolutionGuid = {6A8BCECE-6617-41C3-B7B3-C6F695A279D4}
	EndGlobalSection
EndGlobal
